
Microsoft Visual Studio Solution File, Format Version 12.00
# Visual Studio Version 17
VisualStudioVersion = 17.11.35222.181
MinimumVisualStudioVersion = 10.0.40219.1
Project("{FAE04EC0-301F-11D3-BF4B-00C04F79EFBC}") = "Cwiczenia01", "Cwiczenia01\Cwiczenia01.csproj", "{05B82BB1-DC4D-4CAD-AA43-BAE2E60F505E}"
EndProject
Global
	GlobalSection(SolutionConfigurationPlatforms) = preSolution
		Debug|Any CPU = Debug|Any CPU
		Release|Any CPU = Release|Any CPU
	EndGlobalSection
	GlobalSection(ProjectConfigurationPlatforms) = postSolution
		{05B82BB1-DC4D-4CAD-AA43-BAE2E60F505E}.Debug|Any CPU.ActiveCfg = Debug|Any CPU
		{05B82BB1-DC4D-4CAD-AA43-BAE2E60F505E}.Debug|Any CPU.Build.0 = Debug|Any CPU
		{05B82BB1-DC4D-4CAD-AA43-BAE2E60F505E}.Release|Any CPU.ActiveCfg = Release|Any CPU
		{05B82BB1-DC4D-4CAD-AA43-BAE2E60F505E}.Release|Any CPU.Build.0 = Release|Any CPU
	EndGlobalSection
	GlobalSection(SolutionProperties) = preSolution
		HideSolutionNode = FALSE
	EndGlobalSection
	GlobalSection(ExtensibilityGlobals) = postSolution
		SolutionGuid = {CEE3734E-C492-4F50-B6B9-CDDD24ADC087}
	EndGlobalSection
EndGlobal
